
Microsoft Visual Studio Solution File, Format Version 12.00
# Visual Studio 2015
Project("{FAE04EC0-301F-11D3-BF4B-00C04F79EFBC}") = "心靈素描.CSharp", "心靈素描.CSharp.csproj", "{B82426D2-B870-2F5B-BCA2-F683F3F77B38}"
EndProject
Global
	GlobalSection(SolutionConfigurationPlatforms) = preSolution
		Debug|Any CPU = Debug|Any CPU
		Release|Any CPU = Release|Any CPU
	EndGlobalSection
	GlobalSection(ProjectConfigurationPlatforms) = postSolution
		{B82426D2-B870-2F5B-BCA2-F683F3F77B38}.Debug|Any CPU.ActiveCfg = Debug|Any CPU
		{B82426D2-B870-2F5B-BCA2-F683F3F77B38}.Debug|Any CPU.Build.0 = Debug|Any CPU
		{B82426D2-B870-2F5B-BCA2-F683F3F77B38}.Release|Any CPU.ActiveCfg = Release|Any CPU
		{B82426D2-B870-2F5B-BCA2-F683F3F77B38}.Release|Any CPU.Build.0 = Release|Any CPU
	EndGlobalSection
	GlobalSection(SolutionProperties) = preSolution
		HideSolutionNode = FALSE
	EndGlobalSection
EndGlobal
